
Microsoft Visual Studio Solution File, Format Version 12.00
# Visual Studio Version 16
VisualStudioVersion = 16.0.30104.148
MinimumVisualStudioVersion = 10.0.40219.1
Project("{FAE04EC0-301F-11D3-BF4B-00C04F79EFBC}") = "SportsStore.Domain", "SportsStore.Domain\SportsStore.Domain.csproj", "{995C3486-3885-4DEE-9ECF-6B1D1AFCC617}"
EndProject
Project("{FAE04EC0-301F-11D3-BF4B-00C04F79EFBC}") = "SportsStore.WebUI", "SportsStore.WebUI\SportsStore.WebUI.csproj", "{3BB8785F-C8B0-4F64-A4A4-A2BBC2393DF8}"
EndProject
Project("{FAE04EC0-301F-11D3-BF4B-00C04F79EFBC}") = "SportsStore.UnitTests", "SportsStore.UnitTests\SportsStore.UnitTests.csproj", "{55FD6107-6BB7-4625-8AD1-8E37006A9EF2}"
EndProject
Global
	GlobalSection(SolutionConfigurationPlatforms) = preSolution
		Debug|Any CPU = Debug|Any CPU
		Release|Any CPU = Release|Any CPU
	EndGlobalSection
	GlobalSection(ProjectConfigurationPlatforms) = postSolution
		{995C3486-3885-4DEE-9ECF-6B1D1AFCC617}.Debug|Any CPU.ActiveCfg = Debug|Any CPU
		{995C3486-3885-4DEE-9ECF-6B1D1AFCC617}.Debug|Any CPU.Build.0 = Debug|Any CPU
		{995C3486-3885-4DEE-9ECF-6B1D1AFCC617}.Release|Any CPU.ActiveCfg = Release|Any CPU
		{995C3486-3885-4DEE-9ECF-6B1D1AFCC617}.Release|Any CPU.Build.0 = Release|Any CPU
		{3BB8785F-C8B0-4F64-A4A4-A2BBC2393DF8}.Debug|Any CPU.ActiveCfg = Debug|Any CPU
		{3BB8785F-C8B0-4F64-A4A4-A2BBC2393DF8}.Debug|Any CPU.Build.0 = Debug|Any CPU
		{3BB8785F-C8B0-4F64-A4A4-A2BBC2393DF8}.Release|Any CPU.ActiveCfg = Release|Any CPU
		{3BB8785F-C8B0-4F64-A4A4-A2BBC2393DF8}.Release|Any CPU.Build.0 = Release|Any CPU
		{55FD6107-6BB7-4625-8AD1-8E37006A9EF2}.Debug|Any CPU.ActiveCfg = Debug|Any CPU
		{55FD6107-6BB7-4625-8AD1-8E37006A9EF2}.Debug|Any CPU.Build.0 = Debug|Any CPU
		{55FD6107-6BB7-4625-8AD1-8E37006A9EF2}.Release|Any CPU.ActiveCfg = Release|Any CPU
		{55FD6107-6BB7-4625-8AD1-8E37006A9EF2}.Release|Any CPU.Build.0 = Release|Any CPU
	EndGlobalSection
	GlobalSection(SolutionProperties) = preSolution
		HideSolutionNode = FALSE
	EndGlobalSection
	GlobalSection(ExtensibilityGlobals) = postSolution
		SolutionGuid = {45B256C1-00C0-42D3-93C2-2A9B052AED99}
	EndGlobalSection
EndGlobal
